// !$*UTF8*$!
{
	archiveVersion = 1;
	classes = {
	};
	objectVersion = 55;
	objects = {

/* Begin PBXBuildFile section */
		AC421F94276F31A9009AD362 /* FirebaseAnalytics in Frameworks */ = {isa = PBXBuildFile; productRef = AC421F93276F31A9009AD362 /* FirebaseAnalytics */; };
		AC421F96276F31A9009AD362 /* FirebaseAuth in Frameworks */ = {isa = PBXBuildFile; productRef = AC421F95276F31A9009AD362 /* FirebaseAuth */; };
		AC421F98276F31A9009AD362 /* FirebaseCrashlytics in Frameworks */ = {isa = PBXBuildFile; productRef = AC421F97276F31A9009AD362 /* FirebaseCrashlytics */; };
		AC421F9A276F31A9009AD362 /* FirebaseDatabase in Frameworks */ = {isa = PBXBuildFile; productRef = AC421F99276F31A9009AD362 /* FirebaseDatabase */; };
		AC421F9C276F31A9009AD362 /* FirebaseDatabaseSwift-Beta in Frameworks */ = {isa = PBXBuildFile; productRef = AC421F9B276F31A9009AD362 /* FirebaseDatabaseSwift-Beta */; };
		AC421F9E276F31A9009AD362 /* FirebaseFirestore in Frameworks */ = {isa = PBXBuildFile; productRef = AC421F9D276F31A9009AD362 /* FirebaseFirestore */; };
		AC421FA0276F31A9009AD362 /* FirebaseFirestoreSwift-Beta in Frameworks */ = {isa = PBXBuildFile; productRef = AC421F9F276F31A9009AD362 /* FirebaseFirestoreSwift-Beta */; };
		AC421FA2276F31A9009AD362 /* FirebaseMessaging in Frameworks */ = {isa = PBXBuildFile; productRef = AC421FA1276F31A9009AD362 /* FirebaseMessaging */; };
		AC421FA4276F31A9009AD362 /* FirebaseStorage in Frameworks */ = {isa = PBXBuildFile; productRef = AC421FA3276F31A9009AD362 /* FirebaseStorage */; };
		AC45995727660477006DB467 /* AppDelegate.swift in Sources */ = {isa = PBXBuildFile; fileRef = AC45995627660477006DB467 /* AppDelegate.swift */; };
		AC45995927660477006DB467 /* SceneDelegate.swift in Sources */ = {isa = PBXBuildFile; fileRef = AC45995827660477006DB467 /* SceneDelegate.swift */; };
		AC45995B27660477006DB467 /* Login.swift in Sources */ = {isa = PBXBuildFile; fileRef = AC45995A27660477006DB467 /* Login.swift */; };
		AC45995E27660477006DB467 /* Main.storyboard in Resources */ = {isa = PBXBuildFile; fileRef = AC45995C27660477006DB467 /* Main.storyboard */; };
		AC45996127660477006DB467 /* Circle.xcdatamodeld in Sources */ = {isa = PBXBuildFile; fileRef = AC45995F27660477006DB467 /* Circle.xcdatamodeld */; };
		AC45996327660477006DB467 /* Assets.xcassets in Resources */ = {isa = PBXBuildFile; fileRef = AC45996227660477006DB467 /* Assets.xcassets */; };
		AC45996627660477006DB467 /* LaunchScreen.storyboard in Resources */ = {isa = PBXBuildFile; fileRef = AC45996427660477006DB467 /* LaunchScreen.storyboard */; };
		AC45996E27660AD7006DB467 /* GoogleService-Info.plist in Resources */ = {isa = PBXBuildFile; fileRef = AC45996D27660AD7006DB467 /* GoogleService-Info.plist */; };
		AC45997F276613F6006DB467 /* SignUp.swift in Sources */ = {isa = PBXBuildFile; fileRef = AC45997E276613F6006DB467 /* SignUp.swift */; };
		AC4F19C82766188600D569D2 /* HobbiesColl.swift in Sources */ = {isa = PBXBuildFile; fileRef = AC4F19C72766188600D569D2 /* HobbiesColl.swift */; };
		AC4F19CC27662D7800D569D2 /* Chat.swift in Sources */ = {isa = PBXBuildFile; fileRef = AC4F19CB27662D7800D569D2 /* Chat.swift */; };
		AC4F19CF2766853100D569D2 /* ChatTableCell.swift in Sources */ = {isa = PBXBuildFile; fileRef = AC4F19CD2766853100D569D2 /* ChatTableCell.swift */; };
		AC4F19D02766853100D569D2 /* ChatTableCell.xib in Resources */ = {isa = PBXBuildFile; fileRef = AC4F19CE2766853100D569D2 /* ChatTableCell.xib */; };
		AC4F19D4276689C700D569D2 /* Message.swift in Sources */ = {isa = PBXBuildFile; fileRef = AC4F19D3276689C700D569D2 /* Message.swift */; };
		AC4F19D7276735AC00D569D2 /* CollectionCell.swift in Sources */ = {isa = PBXBuildFile; fileRef = AC4F19D5276735AC00D569D2 /* CollectionCell.swift */; };
		AC4F19D8276735AC00D569D2 /* CollectionCell.xib in Resources */ = {isa = PBXBuildFile; fileRef = AC4F19D6276735AC00D569D2 /* CollectionCell.xib */; };
		AC52C71E2770A83800FBD118 /* uploud.swift in Sources */ = {isa = PBXBuildFile; fileRef = AC52C71D2770A83800FBD118 /* uploud.swift */; };
		ACDCD5F32771260800F4B631 /* users.swift in Sources */ = {isa = PBXBuildFile; fileRef = ACDCD5F22771260800F4B631 /* users.swift */; };
/* End PBXBuildFile section */

/* Begin PBXFileReference section */
		AC45995327660477006DB467 /* Circle.app */ = {isa = PBXFileReference; explicitFileType = wrapper.application; includeInIndex = 0; path = Circle.app; sourceTree = BUILT_PRODUCTS_DIR; };
		AC45995627660477006DB467 /* AppDelegate.swift */ = {isa = PBXFileReference; lastKnownFileType = sourcecode.swift; path = AppDelegate.swift; sourceTree = "<group>"; };
		AC45995827660477006DB467 /* SceneDelegate.swift */ = {isa = PBXFileReference; lastKnownFileType = sourcecode.swift; path = SceneDelegate.swift; sourceTree = "<group>"; };
		AC45995A27660477006DB467 /* Login.swift */ = {isa = PBXFileReference; lastKnownFileType = sourcecode.swift; path = Login.swift; sourceTree = "<group>"; };
		AC45995D27660477006DB467 /* Base */ = {isa = PBXFileReference; lastKnownFileType = file.storyboard; name = Base; path = Base.lproj/Main.storyboard; sourceTree = "<group>"; };
		AC45996027660477006DB467 /* Circle.xcdatamodel */ = {isa = PBXFileReference; lastKnownFileType = wrapper.xcdatamodel; path = Circle.xcdatamodel; sourceTree = "<group>"; };
		AC45996227660477006DB467 /* Assets.xcassets */ = {isa = PBXFileReference; lastKnownFileType = folder.assetcatalog; path = Assets.xcassets; sourceTree = "<group>"; };
		AC45996527660477006DB467 /* Base */ = {isa = PBXFileReference; lastKnownFileType = file.storyboard; name = Base; path = Base.lproj/LaunchScreen.storyboard; sourceTree = "<group>"; };
		AC45996727660477006DB467 /* Info.plist */ = {isa = PBXFileReference; lastKnownFileType = text.plist.xml; path = Info.plist; sourceTree = "<group>"; };
		AC45996D27660AD7006DB467 /* GoogleService-Info.plist */ = {isa = PBXFileReference; fileEncoding = 4; lastKnownFileType = text.plist.xml; path = "GoogleService-Info.plist"; sourceTree = "<group>"; };
		AC45997E276613F6006DB467 /* SignUp.swift */ = {isa = PBXFileReference; lastKnownFileType = sourcecode.swift; path = SignUp.swift; sourceTree = "<group>"; };
		AC4F19C72766188600D569D2 /* HobbiesColl.swift */ = {isa = PBXFileReference; lastKnownFileType = sourcecode.swift; path = HobbiesColl.swift; sourceTree = "<group>"; };
		AC4F19CB27662D7800D569D2 /* Chat.swift */ = {isa = PBXFileReference; lastKnownFileType = sourcecode.swift; path = Chat.swift; sourceTree = "<group>"; };
		AC4F19CD2766853100D569D2 /* ChatTableCell.swift */ = {isa = PBXFileReference; lastKnownFileType = sourcecode.swift; path = ChatTableCell.swift; sourceTree = "<group>"; };
		AC4F19CE2766853100D569D2 /* ChatTableCell.xib */ = {isa = PBXFileReference; lastKnownFileType = file.xib; path = ChatTableCell.xib; sourceTree = "<group>"; };
		AC4F19D3276689C700D569D2 /* Message.swift */ = {isa = PBXFileReference; lastKnownFileType = sourcecode.swift; path = Message.swift; sourceTree = "<group>"; };
		AC4F19D5276735AC00D569D2 /* CollectionCell.swift */ = {isa = PBXFileReference; lastKnownFileType = sourcecode.swift; path = CollectionCell.swift; sourceTree = "<group>"; };
		AC4F19D6276735AC00D569D2 /* CollectionCell.xib */ = {isa = PBXFileReference; lastKnownFileType = file.xib; path = CollectionCell.xib; sourceTree = "<group>"; };
		AC52C71D2770A83800FBD118 /* uploud.swift */ = {isa = PBXFileReference; lastKnownFileType = sourcecode.swift; path = uploud.swift; sourceTree = "<group>"; };
		ACDCD5F22771260800F4B631 /* users.swift */ = {isa = PBXFileReference; lastKnownFileType = sourcecode.swift; path = users.swift; sourceTree = "<group>"; };
/* End PBXFileReference section */

/* Begin PBXFrameworksBuildPhase section */
		AC45995027660477006DB467 /* Frameworks */ = {
			isa = PBXFrameworksBuildPhase;
			buildActionMask = 2147483647;
			files = (
				AC421FA2276F31A9009AD362 /* FirebaseMessaging in Frameworks */,
				AC421F9C276F31A9009AD362 /* FirebaseDatabaseSwift-Beta in Frameworks */,
				AC421FA4276F31A9009AD362 /* FirebaseStorage in Frameworks */,
				AC421F98276F31A9009AD362 /* FirebaseCrashlytics in Frameworks */,
				AC421FA0276F31A9009AD362 /* FirebaseFirestoreSwift-Beta in Frameworks */,
				AC421F94276F31A9009AD362 /* FirebaseAnalytics in Frameworks */,
				AC421F9A276F31A9009AD362 /* FirebaseDatabase in Frameworks */,
				AC421F96276F31A9009AD362 /* FirebaseAuth in Frameworks */,
				AC421F9E276F31A9009AD362 /* FirebaseFirestore in Frameworks */,
			);
			runOnlyForDeploymentPostprocessing = 0;
		};
/* End PBXFrameworksBuildPhase section */

/* Begin PBXGroup section */
		AC45994A27660476006DB467 = {
			isa = PBXGroup;
			children = (
				AC52C71D2770A83800FBD118 /* uploud.swift */,
				AC45995527660477006DB467 /* Circle */,
				AC45995427660477006DB467 /* Products */,
			);
			sourceTree = "<group>";
		};
		AC45995427660477006DB467 /* Products */ = {
			isa = PBXGroup;
			children = (
				AC45995327660477006DB467 /* Circle.app */,
			);
			name = Products;
			sourceTree = "<group>";
		};
		AC45995527660477006DB467 /* Circle */ = {
			isa = PBXGroup;
			children = (
				AC45995627660477006DB467 /* AppDelegate.swift */,
				AC45995827660477006DB467 /* SceneDelegate.swift */,
				AC4C0BF4276F3A02003F0C81 /* controller */,
				AC4C0BF3276F39DA003F0C81 /* view */,
				AC4F19D3276689C700D569D2 /* Message.swift */,
				ACDCD5F22771260800F4B631 /* users.swift */,
				AC45996227660477006DB467 /* Assets.xcassets */,
				AC45996427660477006DB467 /* LaunchScreen.storyboard */,
				AC45996727660477006DB467 /* Info.plist */,
				AC45995F27660477006DB467 /* Circle.xcdatamodeld */,
				AC45996D27660AD7006DB467 /* GoogleService-Info.plist */,
			);
			path = Circle;
			sourceTree = "<group>";
		};
		AC4C0BF3276F39DA003F0C81 /* view */ = {
			isa = PBXGroup;
			children = (
				AC4F19D6276735AC00D569D2 /* CollectionCell.xib */,
				AC4F19CD2766853100D569D2 /* ChatTableCell.swift */,
				AC45995C27660477006DB467 /* Main.storyboard */,
				AC4F19CE2766853100D569D2 /* ChatTableCell.xib */,
				AC4F19D5276735AC00D569D2 /* CollectionCell.swift */,
			);
			path = view;
			sourceTree = "<group>";
		};
		AC4C0BF4276F3A02003F0C81 /* controller */ = {
			isa = PBXGroup;
			children = (
				AC45995A27660477006DB467 /* Login.swift */,
				AC45997E276613F6006DB467 /* SignUp.swift */,
				AC4F19C72766188600D569D2 /* HobbiesColl.swift */,
				AC4F19CB27662D7800D569D2 /* Chat.swift */,
			);
			path = controller;
			sourceTree = "<group>";
		};
/* End PBXGroup section */

/* Begin PBXNativeTarget section */
		AC45995227660477006DB467 /* Circle */ = {
			isa = PBXNativeTarget;
			buildConfigurationList = AC45996A27660477006DB467 /* Build configuration list for PBXNativeTarget "Circle" */;
			buildPhases = (
				AC45994F27660477006DB467 /* Sources */,
				AC45995027660477006DB467 /* Frameworks */,
				AC45995127660477006DB467 /* Resources */,
			);
			buildRules = (
			);
			dependencies = (
			);
			name = Circle;
			packageProductDependencies = (
				AC421F93276F31A9009AD362 /* FirebaseAnalytics */,
				AC421F95276F31A9009AD362 /* FirebaseAuth */,
				AC421F97276F31A9009AD362 /* FirebaseCrashlytics */,
				AC421F99276F31A9009AD362 /* FirebaseDatabase */,
				AC421F9B276F31A9009AD362 /* FirebaseDatabaseSwift-Beta */,
				AC421F9D276F31A9009AD362 /* FirebaseFirestore */,
				AC421F9F276F31A9009AD362 /* FirebaseFirestoreSwift-Beta */,
				AC421FA1276F31A9009AD362 /* FirebaseMessaging */,
				AC421FA3276F31A9009AD362 /* FirebaseStorage */,
			);
			productName = Circle;
			productReference = AC45995327660477006DB467 /* Circle.app */;
			productType = "com.apple.product-type.application";
		};
/* End PBXNativeTarget section */

/* Begin PBXProject section */
		AC45994B27660476006DB467 /* Project object */ = {
			isa = PBXProject;
			attributes = {
				BuildIndependentTargetsInParallel = 1;
				LastSwiftUpdateCheck = 1310;
				LastUpgradeCheck = 1310;
				TargetAttributes = {
					AC45995227660477006DB467 = {
						CreatedOnToolsVersion = 13.1;
					};
				};
			};
			buildConfigurationList = AC45994E27660476006DB467 /* Build configuration list for PBXProject "Circle" */;
			compatibilityVersion = "Xcode 13.0";
			developmentRegion = en;
			hasScannedForEncodings = 0;
			knownRegions = (
				en,
				Base,
			);
			mainGroup = AC45994A27660476006DB467;
			packageReferences = (
				AC421F92276F31A9009AD362 /* XCRemoteSwiftPackageReference "firebase-ios-sdk" */,
			);
			productRefGroup = AC45995427660477006DB467 /* Products */;
			projectDirPath = "";
			projectRoot = "";
			targets = (
				AC45995227660477006DB467 /* Circle */,
			);
		};
/* End PBXProject section */

/* Begin PBXResourcesBuildPhase section */
		AC45995127660477006DB467 /* Resources */ = {
			isa = PBXResourcesBuildPhase;
			buildActionMask = 2147483647;
			files = (
				AC45996627660477006DB467 /* LaunchScreen.storyboard in Resources */,
				AC45996327660477006DB467 /* Assets.xcassets in Resources */,
				AC4F19D02766853100D569D2 /* ChatTableCell.xib in Resources */,
				AC4F19D8276735AC00D569D2 /* CollectionCell.xib in Resources */,
				AC45995E27660477006DB467 /* Main.storyboard in Resources */,
				AC45996E27660AD7006DB467 /* GoogleService-Info.plist in Resources */,
			);
			runOnlyForDeploymentPostprocessing = 0;
		};
/* End PBXResourcesBuildPhase section */

/* Begin PBXSourcesBuildPhase section */
		AC45994F27660477006DB467 /* Sources */ = {
			isa = PBXSourcesBuildPhase;
			buildActionMask = 2147483647;
			files = (
				AC45995B27660477006DB467 /* Login.swift in Sources */,
				AC45996127660477006DB467 /* Circle.xcdatamodeld in Sources */,
				AC4F19CC27662D7800D569D2 /* Chat.swift in Sources */,
				AC52C71E2770A83800FBD118 /* uploud.swift in Sources */,
				ACDCD5F32771260800F4B631 /* users.swift in Sources */,
				AC4F19D4276689C700D569D2 /* Message.swift in Sources */,
				AC45995727660477006DB467 /* AppDelegate.swift in Sources */,
				AC45995927660477006DB467 /* SceneDelegate.swift in Sources */,
				AC4F19C82766188600D569D2 /* HobbiesColl.swift in Sources */,
				AC4F19CF2766853100D569D2 /* ChatTableCell.swift in Sources */,
				AC45997F276613F6006DB467 /* SignUp.swift in Sources */,
				AC4F19D7276735AC00D569D2 /* CollectionCell.swift in Sources */,
			);
			runOnlyForDeploymentPostprocessing = 0;
		};
/* End PBXSourcesBuildPhase section */

/* Begin PBXVariantGroup section */
		AC45995C27660477006DB467 /* Main.storyboard */ = {
			isa = PBXVariantGroup;
			children = (
				AC45995D27660477006DB467 /* Base */,
			);
			name = Main.storyboard;
			sourceTree = "<group>";
		};
		AC45996427660477006DB467 /* LaunchScreen.storyboard */ = {
			isa = PBXVariantGroup;
			children = (
				AC45996527660477006DB467 /* Base */,
			);
			name = LaunchScreen.storyboard;
			sourceTree = "<group>";
		};
/* End PBXVariantGroup section */

/* Begin XCBuildConfiguration section */
		AC45996827660477006DB467 /* Debug */ = {
			isa = XCBuildConfiguration;
			buildSettings = {
				ALWAYS_SEARCH_USER_PATHS = NO;
				CLANG_ANALYZER_NONNULL = YES;
				CLANG_ANALYZER_NUMBER_OBJECT_CONVERSION = YES_AGGRESSIVE;
				CLANG_CXX_LANGUAGE_STANDARD = "gnu++17";
				CLANG_CXX_LIBRARY = "libc++";
				CLANG_ENABLE_MODULES = YES;
				CLANG_ENABLE_OBJC_ARC = YES;
				CLANG_ENABLE_OBJC_WEAK = YES;
				CLANG_WARN_BLOCK_CAPTURE_AUTORELEASING = YES;
				CLANG_WARN_BOOL_CONVERSION = YES;
				CLANG_WARN_COMMA = YES;
				CLANG_WARN_CONSTANT_CONVERSION = YES;
				CLANG_WARN_DEPRECATED_OBJC_IMPLEMENTATIONS = YES;
				CLANG_WARN_DIRECT_OBJC_ISA_USAGE = YES_ERROR;
				CLANG_WARN_DOCUMENTATION_COMMENTS = YES;
				CLANG_WARN_EMPTY_BODY = YES;
				CLANG_WARN_ENUM_CONVERSION = YES;
				CLANG_WARN_INFINITE_RECURSION = YES;
				CLANG_WARN_INT_CONVERSION = YES;
				CLANG_WARN_NON_LITERAL_NULL_CONVERSION = YES;
				CLANG_WARN_OBJC_IMPLICIT_RETAIN_SELF = YES;
				CLANG_WARN_OBJC_LITERAL_CONVERSION = YES;
				CLANG_WARN_OBJC_ROOT_CLASS = YES_ERROR;
				CLANG_WARN_QUOTED_INCLUDE_IN_FRAMEWORK_HEADER = YES;
				CLANG_WARN_RANGE_LOOP_ANALYSIS = YES;
				CLANG_WARN_STRICT_PROTOTYPES = YES;
				CLANG_WARN_SUSPICIOUS_MOVE = YES;
				CLANG_WARN_UNGUARDED_AVAILABILITY = YES_AGGRESSIVE;
				CLANG_WARN_UNREACHABLE_CODE = YES;
				CLANG_WARN__DUPLICATE_METHOD_MATCH = YES;
				COPY_PHASE_STRIP = NO;
				DEBUG_INFORMATION_FORMAT = dwarf;
				ENABLE_STRICT_OBJC_MSGSEND = YES;
				ENABLE_TESTABILITY = YES;
				GCC_C_LANGUAGE_STANDARD = gnu11;
				GCC_DYNAMIC_NO_PIC = NO;
				GCC_NO_COMMON_BLOCKS = YES;
				GCC_OPTIMIZATION_LEVEL = 0;
				GCC_PREPROCESSOR_DEFINITIONS = (
					"DEBUG=1",
					"$(inherited)",
				);
				GCC_WARN_64_TO_32_BIT_CONVERSION = YES;
				GCC_WARN_ABOUT_RETURN_TYPE = YES_ERROR;
				GCC_WARN_UNDECLARED_SELECTOR = YES;
				GCC_WARN_UNINITIALIZED_AUTOS = YES_AGGRESSIVE;
				GCC_WARN_UNUSED_FUNCTION = YES;
				GCC_WARN_UNUSED_VARIABLE = YES;
				IPHONEOS_DEPLOYMENT_TARGET = 15.0;
				MTL_ENABLE_DEBUG_INFO = INCLUDE_SOURCE;
				MTL_FAST_MATH = YES;
				ONLY_ACTIVE_ARCH = YES;
				SDKROOT = iphoneos;
				SWIFT_ACTIVE_COMPILATION_CONDITIONS = DEBUG;
				SWIFT_OPTIMIZATION_LEVEL = "-Onone";
			};
			name = Debug;
		};
		AC45996927660477006DB467 /* Release */ = {
			isa = XCBuildConfiguration;
			buildSettings = {
				ALWAYS_SEARCH_USER_PATHS = NO;
				CLANG_ANALYZER_NONNULL = YES;
				CLANG_ANALYZER_NUMBER_OBJECT_CONVERSION = YES_AGGRESSIVE;
				CLANG_CXX_LANGUAGE_STANDARD = "gnu++17";
				CLANG_CXX_LIBRARY = "libc++";
				CLANG_ENABLE_MODULES = YES;
				CLANG_ENABLE_OBJC_ARC = YES;
				CLANG_ENABLE_OBJC_WEAK = YES;
				CLANG_WARN_BLOCK_CAPTURE_AUTORELEASING = YES;
				CLANG_WARN_BOOL_CONVERSION = YES;
				CLANG_WARN_COMMA = YES;
				CLANG_WARN_CONSTANT_CONVERSION = YES;
				CLANG_WARN_DEPRECATED_OBJC_IMPLEMENTATIONS = YES;
				CLANG_WARN_DIRECT_OBJC_ISA_USAGE = YES_ERROR;
				CLANG_WARN_DOCUMENTATION_COMMENTS = YES;
				CLANG_WARN_EMPTY_BODY = YES;
				CLANG_WARN_ENUM_CONVERSION = YES;
				CLANG_WARN_INFINITE_RECURSION = YES;
				CLANG_WARN_INT_CONVERSION = YES;
				CLANG_WARN_NON_LITERAL_NULL_CONVERSION = YES;
				CLANG_WARN_OBJC_IMPLICIT_RETAIN_SELF = YES;
				CLANG_WARN_OBJC_LITERAL_CONVERSION = YES;
				CLANG_WARN_OBJC_ROOT_CLASS = YES_ERROR;
				CLANG_WARN_QUOTED_INCLUDE_IN_FRAMEWORK_HEADER = YES;
				CLANG_WARN_RANGE_LOOP_ANALYSIS = YES;
				CLANG_WARN_STRICT_PROTOTYPES = YES;
				CLANG_WARN_SUSPICIOUS_MOVE = YES;
				CLANG_WARN_UNGUARDED_AVAILABILITY = YES_AGGRESSIVE;
				CLANG_WARN_UNREACHABLE_CODE = YES;
				CLANG_WARN__DUPLICATE_METHOD_MATCH = YES;
				COPY_PHASE_STRIP = NO;
				DEBUG_INFORMATION_FORMAT = "dwarf-with-dsym";
				ENABLE_NS_ASSERTIONS = NO;
				ENABLE_STRICT_OBJC_MSGSEND = YES;
				GCC_C_LANGUAGE_STANDARD = gnu11;
				GCC_NO_COMMON_BLOCKS = YES;
				GCC_WARN_64_TO_32_BIT_CONVERSION = YES;
				GCC_WARN_ABOUT_RETURN_TYPE = YES_ERROR;
				GCC_WARN_UNDECLARED_SELECTOR = YES;
				GCC_WARN_UNINITIALIZED_AUTOS = YES_AGGRESSIVE;
				GCC_WARN_UNUSED_FUNCTION = YES;
				GCC_WARN_UNUSED_VARIABLE = YES;
				IPHONEOS_DEPLOYMENT_TARGET = 15.0;
				MTL_ENABLE_DEBUG_INFO = NO;
				MTL_FAST_MATH = YES;
				SDKROOT = iphoneos;
				SWIFT_COMPILATION_MODE = wholemodule;
				SWIFT_OPTIMIZATION_LEVEL = "-O";
				VALIDATE_PRODUCT = YES;
			};
			name = Release;
		};
		AC45996B27660477006DB467 /* Debug */ = {
			isa = XCBuildConfiguration;
			buildSettings = {
				ASSETCATALOG_COMPILER_APPICON_NAME = AppIcon;
				ASSETCATALOG_COMPILER_GLOBAL_ACCENT_COLOR_NAME = AccentColor;
				CODE_SIGN_STYLE = Automatic;
				CURRENT_PROJECT_VERSION = 1;
				DEVELOPMENT_TEAM = VHX3V9K479;
				GENERATE_INFOPLIST_FILE = YES;
				INFOPLIST_FILE = Circle/Info.plist;
				INFOPLIST_KEY_UIApplicationSupportsIndirectInputEvents = YES;
				INFOPLIST_KEY_UILaunchStoryboardName = LaunchScreen;
				INFOPLIST_KEY_UIMainStoryboardFile = Main;
				INFOPLIST_KEY_UISupportedInterfaceOrientations_iPad = "UIInterfaceOrientationPortrait UIInterfaceOrientationPortraitUpsideDown UIInterfaceOrientationLandscapeLeft UIInterfaceOrientationLandscapeRight";
				INFOPLIST_KEY_UISupportedInterfaceOrientations_iPhone = "UIInterfaceOrientationPortrait UIInterfaceOrientationLandscapeLeft UIInterfaceOrientationLandscapeRight";
				LD_RUNPATH_SEARCH_PATHS = (
					"$(inherited)",
					"@executable_path/Frameworks",
				);
				MARKETING_VERSION = 1.0;
				PRODUCT_BUNDLE_IDENTIFIER = com.google.Circle;
				PRODUCT_NAME = "$(TARGET_NAME)";
				SWIFT_EMIT_LOC_STRINGS = YES;
				SWIFT_VERSION = 5.0;
				TARGETED_DEVICE_FAMILY = "1,2";
			};
			name = Debug;
		};
		AC45996C27660477006DB467 /* Release */ = {
			isa = XCBuildConfiguration;
			buildSettings = {
				ASSETCATALOG_COMPILER_APPICON_NAME = AppIcon;
				ASSETCATALOG_COMPILER_GLOBAL_ACCENT_COLOR_NAME = AccentColor;
				CODE_SIGN_STYLE = Automatic;
				CURRENT_PROJECT_VERSION = 1;
				DEVELOPMENT_TEAM = VHX3V9K479;
				GENERATE_INFOPLIST_FILE = YES;
				INFOPLIST_FILE = Circle/Info.plist;
				INFOPLIST_KEY_UIApplicationSupportsIndirectInputEvents = YES;
				INFOPLIST_KEY_UILaunchStoryboardName = LaunchScreen;
				INFOPLIST_KEY_UIMainStoryboardFile = Main;
				INFOPLIST_KEY_UISupportedInterfaceOrientations_iPad = "UIInterfaceOrientationPortrait UIInterfaceOrientationPortraitUpsideDown UIInterfaceOrientationLandscapeLeft UIInterfaceOrientationLandscapeRight";
				INFOPLIST_KEY_UISupportedInterfaceOrientations_iPhone = "UIInterfaceOrientationPortrait UIInterfaceOrientationLandscapeLeft UIInterfaceOrientationLandscapeRight";
				LD_RUNPATH_SEARCH_PATHS = (
					"$(inherited)",
					"@executable_path/Frameworks",
				);
				MARKETING_VERSION = 1.0;
				PRODUCT_BUNDLE_IDENTIFIER = com.google.Circle;
				PRODUCT_NAME = "$(TARGET_NAME)";
				SWIFT_EMIT_LOC_STRINGS = YES;
				SWIFT_VERSION = 5.0;
				TARGETED_DEVICE_FAMILY = "1,2";
			};
			name = Release;
		};
/* End XCBuildConfiguration section */

/* Begin XCConfigurationList section */
		AC45994E27660476006DB467 /* Build configuration list for PBXProject "Circle" */ = {
			isa = XCConfigurationList;
			buildConfigurations = (
				AC45996827660477006DB467 /* Debug */,
				AC45996927660477006DB467 /* Release */,
			);
			defaultConfigurationIsVisible = 0;
			defaultConfigurationName = Release;
		};
		AC45996A27660477006DB467 /* Build configuration list for PBXNativeTarget "Circle" */ = {
			isa = XCConfigurationList;
			buildConfigurations = (
				AC45996B27660477006DB467 /* Debug */,
				AC45996C27660477006DB467 /* Release */,
			);
			defaultConfigurationIsVisible = 0;
			defaultConfigurationName = Release;
		};
/* End XCConfigurationList section */

/* Begin XCRemoteSwiftPackageReference section */
		AC421F92276F31A9009AD362 /* XCRemoteSwiftPackageReference "firebase-ios-sdk" */ = {
			isa = XCRemoteSwiftPackageReference;
			repositoryURL = "https://github.com/firebase/firebase-ios-sdk";
			requirement = {
				branch = master;
				kind = branch;
			};
		};
/* End XCRemoteSwiftPackageReference section */

/* Begin XCSwiftPackageProductDependency section */
		AC421F93276F31A9009AD362 /* FirebaseAnalytics */ = {
			isa = XCSwiftPackageProductDependency;
			package = AC421F92276F31A9009AD362 /* XCRemoteSwiftPackageReference "firebase-ios-sdk" */;
			productName = FirebaseAnalytics;
		};
		AC421F95276F31A9009AD362 /* FirebaseAuth */ = {
			isa = XCSwiftPackageProductDependency;
			package = AC421F92276F31A9009AD362 /* XCRemoteSwiftPackageReference "firebase-ios-sdk" */;
			productName = FirebaseAuth;
		};
		AC421F97276F31A9009AD362 /* FirebaseCrashlytics */ = {
			isa = XCSwiftPackageProductDependency;
			package = AC421F92276F31A9009AD362 /* XCRemoteSwiftPackageReference "firebase-ios-sdk" */;
			productName = FirebaseCrashlytics;
		};
		AC421F99276F31A9009AD362 /* FirebaseDatabase */ = {
			isa = XCSwiftPackageProductDependency;
			package = AC421F92276F31A9009AD362 /* XCRemoteSwiftPackageReference "firebase-ios-sdk" */;
			productName = FirebaseDatabase;
		};
		AC421F9B276F31A9009AD362 /* FirebaseDatabaseSwift-Beta */ = {
			isa = XCSwiftPackageProductDependency;
			package = AC421F92276F31A9009AD362 /* XCRemoteSwiftPackageReference "firebase-ios-sdk" */;
			productName = "FirebaseDatabaseSwift-Beta";
		};
		AC421F9D276F31A9009AD362 /* FirebaseFirestore */ = {
			isa = XCSwiftPackageProductDependency;
			package = AC421F92276F31A9009AD362 /* XCRemoteSwiftPackageReference "firebase-ios-sdk" */;
			productName = FirebaseFirestore;
		};
		AC421F9F276F31A9009AD362 /* FirebaseFirestoreSwift-Beta */ = {
			isa = XCSwiftPackageProductDependency;
			package = AC421F92276F31A9009AD362 /* XCRemoteSwiftPackageReference "firebase-ios-sdk" */;
			productName = "FirebaseFirestoreSwift-Beta";
		};
		AC421FA1276F31A9009AD362 /* FirebaseMessaging */ = {
			isa = XCSwiftPackageProductDependency;
			package = AC421F92276F31A9009AD362 /* XCRemoteSwiftPackageReference "firebase-ios-sdk" */;
			productName = FirebaseMessaging;
		};
		AC421FA3276F31A9009AD362 /* FirebaseStorage */ = {
			isa = XCSwiftPackageProductDependency;
			package = AC421F92276F31A9009AD362 /* XCRemoteSwiftPackageReference "firebase-ios-sdk" */;
			productName = FirebaseStorage;
		};
/* End XCSwiftPackageProductDependency section */

/* Begin XCVersionGroup section */
		AC45995F27660477006DB467 /* Circle.xcdatamodeld */ = {
			isa = XCVersionGroup;
			children = (
				AC45996027660477006DB467 /* Circle.xcdatamodel */,
			);
			currentVersion = AC45996027660477006DB467 /* Circle.xcdatamodel */;
			path = Circle.xcdatamodeld;
			sourceTree = "<group>";
			versionGroupType = wrapper.xcdatamodel;
		};
/* End XCVersionGroup section */
	};
	rootObject = AC45994B27660476006DB467 /* Project object */;
}
